
Microsoft Visual Studio Solution File, Format Version 12.00
# Visual Studio Version 17
VisualStudioVersion = 17.14.36429.23
MinimumVisualStudioVersion = 10.0.40219.1
Project("{FAE04EC0-301F-11D3-BF4B-00C04F79EFBC}") = "API", "API\API.csproj", "{EA450BAE-1953-49A7-AED1-B55BDA9C5E73}"
EndProject
Project("{FAE04EC0-301F-11D3-BF4B-00C04F79EFBC}") = "core.domain", "core.domain\core.domain.csproj", "{B2F5F21A-AF36-42DC-9550-EAE38B21C4EA}"
EndProject
Project("{FAE04EC0-301F-11D3-BF4B-00C04F79EFBC}") = "core.application", "core.application\core.application.csproj", "{F4E9E2A6-AD63-421C-8F4C-DE5D0BE9A28F}"
EndProject
Project("{FAE04EC0-301F-11D3-BF4B-00C04F79EFBC}") = "infrastructure.persistance", "infrastructure.persistance\infrastructure.persistance.csproj", "{B416C104-FB37-4E94-9A9A-A1762AF0E47E}"
EndProject
Project("{2150E333-8FDC-42A3-9474-1A3956D46DE8}") = "Solution Items", "Solution Items", "{8EC462FD-D22E-90A8-E5CE-7E832BA40C5D}"
	ProjectSection(SolutionItems) = preProject
		docker-compose.yml = docker-compose.yml
	EndProjectSection
EndProject
Global
	GlobalSection(SolutionConfigurationPlatforms) = preSolution
		Debug|Any CPU = Debug|Any CPU
		Release|Any CPU = Release|Any CPU
	EndGlobalSection
	GlobalSection(ProjectConfigurationPlatforms) = postSolution
		{EA450BAE-1953-49A7-AED1-B55BDA9C5E73}.Debug|Any CPU.ActiveCfg = Debug|Any CPU
		{EA450BAE-1953-49A7-AED1-B55BDA9C5E73}.Debug|Any CPU.Build.0 = Debug|Any CPU
		{EA450BAE-1953-49A7-AED1-B55BDA9C5E73}.Release|Any CPU.ActiveCfg = Release|Any CPU
		{EA450BAE-1953-49A7-AED1-B55BDA9C5E73}.Release|Any CPU.Build.0 = Release|Any CPU
		{B2F5F21A-AF36-42DC-9550-EAE38B21C4EA}.Debug|Any CPU.ActiveCfg = Debug|Any CPU
		{B2F5F21A-AF36-42DC-9550-EAE38B21C4EA}.Debug|Any CPU.Build.0 = Debug|Any CPU
		{B2F5F21A-AF36-42DC-9550-EAE38B21C4EA}.Release|Any CPU.ActiveCfg = Release|Any CPU
		{B2F5F21A-AF36-42DC-9550-EAE38B21C4EA}.Release|Any CPU.Build.0 = Release|Any CPU
		{F4E9E2A6-AD63-421C-8F4C-DE5D0BE9A28F}.Debug|Any CPU.ActiveCfg = Debug|Any CPU
		{F4E9E2A6-AD63-421C-8F4C-DE5D0BE9A28F}.Debug|Any CPU.Build.0 = Debug|Any CPU
		{F4E9E2A6-AD63-421C-8F4C-DE5D0BE9A28F}.Release|Any CPU.ActiveCfg = Release|Any CPU
		{F4E9E2A6-AD63-421C-8F4C-DE5D0BE9A28F}.Release|Any CPU.Build.0 = Release|Any CPU
		{B416C104-FB37-4E94-9A9A-A1762AF0E47E}.Debug|Any CPU.ActiveCfg = Debug|Any CPU
		{B416C104-FB37-4E94-9A9A-A1762AF0E47E}.Debug|Any CPU.Build.0 = Debug|Any CPU
		{B416C104-FB37-4E94-9A9A-A1762AF0E47E}.Release|Any CPU.ActiveCfg = Release|Any CPU
		{B416C104-FB37-4E94-9A9A-A1762AF0E47E}.Release|Any CPU.Build.0 = Release|Any CPU
	EndGlobalSection
	GlobalSection(SolutionProperties) = preSolution
		HideSolutionNode = FALSE
	EndGlobalSection
	GlobalSection(ExtensibilityGlobals) = postSolution
		SolutionGuid = {C2001429-ADA8-4B78-99C6-E53864154840}
	EndGlobalSection
EndGlobal
